Microsoft Visual Studio Solution File, Format Version 12.00
# Visual Studio Version 17
VisualStudioVersion = 17.13.35919.96
MinimumVisualStudioVersion = 10.0.40219.1
Project("{FAE04EC0-301F-11D3-BF4B-00C04F79EFBC}") = "MiF.Result", "MiF.Result\MiF.Result.csproj", "{9CE7FAFF-4E83-43CF-BEBA-78B708CA0C35}"
EndProject
Global
	GlobalSection(SolutionConfigurationPlatforms) = preSolution
		Debug|Any CPU = Debug|Any CPU
		Release|Any CPU = Release|Any CPU
	EndGlobalSection
	GlobalSection(ProjectConfigurationPlatforms) = postSolution
		{9CE7FAFF-4E83-43CF-BEBA-78B708CA0C35}.Debug|Any CPU.ActiveCfg = Debug|Any CPU
		{9CE7FAFF-4E83-43CF-BEBA-78B708CA0C35}.Debug|Any CPU.Build.0 = Debug|Any CPU
		{9CE7FAFF-4E83-43CF-BEBA-78B708CA0C35}.Release|Any CPU.ActiveCfg = Release|Any CPU
		{9CE7FAFF-4E83-43CF-BEBA-78B708CA0C35}.Release|Any CPU.Build.0 = Release|Any CPU
	EndGlobalSection
	GlobalSection(SolutionProperties) = preSolution
		HideSolutionNode = FALSE
	EndGlobalSection
	GlobalSection(ExtensibilityGlobals) = postSolution
		SolutionGuid = {6C2126FC-562D-4DC5-9EEE-D78C0F93010D}
	EndGlobalSection
EndGlobal
